# This file is generated by running "yarn install" inside your project.
# Manual changes might be lost - proceed with caution!

__metadata:
  version: 4
  cacheKey: 7

"@tsconfig/node12@npm:^1.0.7":
  version: 1.0.7
  resolution: "@tsconfig/node12@npm:1.0.7"
  checksum: 82b0352f66bb84afcf4fe4d771d25dcdc2fbfd0dcd6c5efe475830e0df6806d687bdde3aba52d5c4d2d4dfee252093ed5cfc27a3fc47dc389a3f4fb0ea323390
  languageName: node
  linkType: hard

"vscode-eslint-yarn-berry-typescript-workspace@workspace:.":
  version: 0.0.0-use.local
  resolution: "vscode-eslint-yarn-berry-typescript-workspace@workspace:."
  dependencies:
    "@tsconfig/node12": ^1.0.7
  languageName: unknown
  linkType: soft
